// !$*UTF8*$!
{
	archiveVersion = 1;
	classes = {
	};
	objectVersion = 50;
	objects = {

/* Begin PBXBuildFile section */
		925E26462482D8EB001D4B6C /* ToolbarExt.swift in Sources */ = {isa = PBXBuildFile; fileRef = 925E26452482D8EB001D4B6C /* ToolbarExt.swift */; };
		926901862481797E0023F3EC /* CustomContainerController.swift in Sources */ = {isa = PBXBuildFile; fileRef = 926901852481797E0023F3EC /* CustomContainerController.swift */; };
		92CFBF6A247C37D800DDC19E /* AppDelegate.swift in Sources */ = {isa = PBXBuildFile; fileRef = 92CFBF69247C37D800DDC19E /* AppDelegate.swift */; };
		92CFBF6C247C37D800DDC19E /* SceneDelegate.swift in Sources */ = {isa = PBXBuildFile; fileRef = 92CFBF6B247C37D800DDC19E /* SceneDelegate.swift */; };
		92CFBF71247C37D800DDC19E /* Main.storyboard in Resources */ = {isa = PBXBuildFile; fileRef = 92CFBF6F247C37D800DDC19E /* Main.storyboard */; };
		92CFBF73247C37DA00DDC19E /* Assets.xcassets in Resources */ = {isa = PBXBuildFile; fileRef = 92CFBF72247C37DA00DDC19E /* Assets.xcassets */; };
		92CFBF76247C37DA00DDC19E /* LaunchScreen.storyboard in Resources */ = {isa = PBXBuildFile; fileRef = 92CFBF74247C37DA00DDC19E /* LaunchScreen.storyboard */; };
/* End PBXBuildFile section */

/* Begin PBXFileReference section */
		925E26452482D8EB001D4B6C /* ToolbarExt.swift */ = {isa = PBXFileReference; lastKnownFileType = sourcecode.swift; path = ToolbarExt.swift; sourceTree = "<group>"; };
		926901852481797E0023F3EC /* CustomContainerController.swift */ = {isa = PBXFileReference; lastKnownFileType = sourcecode.swift; path = CustomContainerController.swift; sourceTree = "<group>"; };
		92CFBF66247C37D800DDC19E /* Module7_additional.app */ = {isa = PBXFileReference; explicitFileType = wrapper.application; includeInIndex = 0; path = Module7_additional.app; sourceTree = BUILT_PRODUCTS_DIR; };
		92CFBF69247C37D800DDC19E /* AppDelegate.swift */ = {isa = PBXFileReference; lastKnownFileType = sourcecode.swift; path = AppDelegate.swift; sourceTree = "<group>"; };
		92CFBF6B247C37D800DDC19E /* SceneDelegate.swift */ = {isa = PBXFileReference; lastKnownFileType = sourcecode.swift; path = SceneDelegate.swift; sourceTree = "<group>"; };
		92CFBF70247C37D800DDC19E /* Base */ = {isa = PBXFileReference; lastKnownFileType = file.storyboard; name = Base; path = Base.lproj/Main.storyboard; sourceTree = "<group>"; };
		92CFBF72247C37DA00DDC19E /* Assets.xcassets */ = {isa = PBXFileReference; lastKnownFileType = folder.assetcatalog; path = Assets.xcassets; sourceTree = "<group>"; };
		92CFBF75247C37DA00DDC19E /* Base */ = {isa = PBXFileReference; lastKnownFileType = file.storyboard; name = Base; path = Base.lproj/LaunchScreen.storyboard; sourceTree = "<group>"; };
		92CFBF77247C37DA00DDC19E /* Info.plist */ = {isa = PBXFileReference; lastKnownFileType = text.plist.xml; path = Info.plist; sourceTree = "<group>"; };
		92CFBF7D247C381300DDC19E /* Readme.md */ = {isa = PBXFileReference; lastKnownFileType = net.daringfireball.markdown; path = Readme.md; sourceTree = "<group>"; };
/* End PBXFileReference section */

/* Begin PBXFrameworksBuildPhase section */
		92CFBF63247C37D800DDC19E /* Frameworks */ = {
			isa = PBXFrameworksBuildPhase;
			buildActionMask = 2147483647;
			files = (
			);
			runOnlyForDeploymentPostprocessing = 0;
		};
/* End PBXFrameworksBuildPhase section */

/* Begin PBXGroup section */
		92CFBF5D247C37D800DDC19E = {
			isa = PBXGroup;
			children = (
				92CFBF68247C37D800DDC19E /* Module7_additional */,
				92CFBF67247C37D800DDC19E /* Products */,
			);
			sourceTree = "<group>";
		};
		92CFBF67247C37D800DDC19E /* Products */ = {
			isa = PBXGroup;
			children = (
				92CFBF66247C37D800DDC19E /* Module7_additional.app */,
			);
			name = Products;
			sourceTree = "<group>";
		};
		92CFBF68247C37D800DDC19E /* Module7_additional */ = {
			isa = PBXGroup;
			children = (
				92CFBF69247C37D800DDC19E /* AppDelegate.swift */,
				92CFBF72247C37DA00DDC19E /* Assets.xcassets */,
				926901852481797E0023F3EC /* CustomContainerController.swift */,
				92CFBF77247C37DA00DDC19E /* Info.plist */,
				92CFBF74247C37DA00DDC19E /* LaunchScreen.storyboard */,
				92CFBF6F247C37D800DDC19E /* Main.storyboard */,
				92CFBF7D247C381300DDC19E /* Readme.md */,
				92CFBF6B247C37D800DDC19E /* SceneDelegate.swift */,
				925E26452482D8EB001D4B6C /* ToolbarExt.swift */,
			);
			path = Module7_additional;
			sourceTree = "<group>";
		};
/* End PBXGroup section */

/* Begin PBXNativeTarget section */
		92CFBF65247C37D800DDC19E /* Module7_additional */ = {
			isa = PBXNativeTarget;
			buildConfigurationList = 92CFBF7A247C37DA00DDC19E /* Build configuration list for PBXNativeTarget "Module7_additional" */;
			buildPhases = (
				92CFBF62247C37D800DDC19E /* Sources */,
				92CFBF63247C37D800DDC19E /* Frameworks */,
				92CFBF64247C37D800DDC19E /* Resources */,
			);
			buildRules = (
			);
			dependencies = (
			);
			name = Module7_additional;
			productName = Module7_additional;
			productReference = 92CFBF66247C37D800DDC19E /* Module7_additional.app */;
			productType = "com.apple.product-type.application";
		};
/* End PBXNativeTarget section */

/* Begin PBXProject section */
		92CFBF5E247C37D800DDC19E /* Project object */ = {
			isa = PBXProject;
			attributes = {
				LastSwiftUpdateCheck = 1140;
				LastUpgradeCheck = 1140;
				ORGANIZATIONNAME = "Sergey Chistov";
				TargetAttributes = {
					92CFBF65247C37D800DDC19E = {
						CreatedOnToolsVersion = 11.4.1;
					};
				};
			};
			buildConfigurationList = 92CFBF61247C37D800DDC19E /* Build configuration list for PBXProject "Module7_additional" */;
			compatibilityVersion = "Xcode 9.3";
			developmentRegion = en;
			hasScannedForEncodings = 0;
			knownRegions = (
				en,
				Base,
			);
			mainGroup = 92CFBF5D247C37D800DDC19E;
			productRefGroup = 92CFBF67247C37D800DDC19E /* Products */;
			projectDirPath = "";
			projectRoot = "";
			targets = (
				92CFBF65247C37D800DDC19E /* Module7_additional */,
			);
		};
/* End PBXProject section */

/* Begin PBXResourcesBuildPhase section */
		92CFBF64247C37D800DDC19E /* Resources */ = {
			isa = PBXResourcesBuildPhase;
			buildActionMask = 2147483647;
			files = (
				92CFBF76247C37DA00DDC19E /* LaunchScreen.storyboard in Resources */,
				92CFBF73247C37DA00DDC19E /* Assets.xcassets in Resources */,
				92CFBF71247C37D800DDC19E /* Main.storyboard in Resources */,
			);
			runOnlyForDeploymentPostprocessing = 0;
		};
/* End PBXResourcesBuildPhase section */

/* Begin PBXSourcesBuildPhase section */
		92CFBF62247C37D800DDC19E /* Sources */ = {
			isa = PBXSourcesBuildPhase;
			buildActionMask = 2147483647;
			files = (
				926901862481797E0023F3EC /* CustomContainerController.swift in Sources */,
				92CFBF6A247C37D800DDC19E /* AppDelegate.swift in Sources */,
				92CFBF6C247C37D800DDC19E /* SceneDelegate.swift in Sources */,
				925E26462482D8EB001D4B6C /* ToolbarExt.swift in Sources */,
			);
			runOnlyForDeploymentPostprocessing = 0;
		};
/* End PBXSourcesBuildPhase section */

/* Begin PBXVariantGroup section */
		92CFBF6F247C37D800DDC19E /* Main.storyboard */ = {
			isa = PBXVariantGroup;
			children = (
				92CFBF70247C37D800DDC19E /* Base */,
			);
			name = Main.storyboard;
			sourceTree = "<group>";
		};
		92CFBF74247C37DA00DDC19E /* LaunchScreen.storyboard */ = {
			isa = PBXVariantGroup;
			children = (
				92CFBF75247C37DA00DDC19E /* Base */,
			);
			name = LaunchScreen.storyboard;
			sourceTree = "<group>";
		};
/* End PBXVariantGroup section */

/* Begin XCBuildConfiguration section */
		92CFBF78247C37DA00DDC19E /* Debug */ = {
			isa = XCBuildConfiguration;
			buildSettings = {
				ALWAYS_SEARCH_USER_PATHS = NO;
				CLANG_ANALYZER_NONNULL = YES;
				CLANG_ANALYZER_NUMBER_OBJECT_CONVERSION = YES_AGGRESSIVE;
				CLANG_CXX_LANGUAGE_STANDARD = "gnu++14";
				CLANG_CXX_LIBRARY = "libc++";
				CLANG_ENABLE_MODULES = YES;
				CLANG_ENABLE_OBJC_ARC = YES;
				CLANG_ENABLE_OBJC_WEAK = YES;
				CLANG_WARN_BLOCK_CAPTURE_AUTORELEASING = YES;
				CLANG_WARN_BOOL_CONVERSION = YES;
				CLANG_WARN_COMMA = YES;
				CLANG_WARN_CONSTANT_CONVERSION = YES;
				CLANG_WARN_DEPRECATED_OBJC_IMPLEMENTATIONS = YES;
				CLANG_WARN_DIRECT_OBJC_ISA_USAGE = YES_ERROR;
				CLANG_WARN_DOCUMENTATION_COMMENTS = YES;
				CLANG_WARN_EMPTY_BODY = YES;
				CLANG_WARN_ENUM_CONVERSION = YES;
				CLANG_WARN_INFINITE_RECURSION = YES;
				CLANG_WARN_INT_CONVERSION = YES;
				CLANG_WARN_NON_LITERAL_NULL_CONVERSION = YES;
				CLANG_WARN_OBJC_IMPLICIT_RETAIN_SELF = YES;
				CLANG_WARN_OBJC_LITERAL_CONVERSION = YES;
				CLANG_WARN_OBJC_ROOT_CLASS = YES_ERROR;
				CLANG_WARN_RANGE_LOOP_ANALYSIS = YES;
				CLANG_WARN_STRICT_PROTOTYPES = YES;
				CLANG_WARN_SUSPICIOUS_MOVE = YES;
				CLANG_WARN_UNGUARDED_AVAILABILITY = YES_AGGRESSIVE;
				CLANG_WARN_UNREACHABLE_CODE = YES;
				CLANG_WARN__DUPLICATE_METHOD_MATCH = YES;
				COPY_PHASE_STRIP = NO;
				DEBUG_INFORMATION_FORMAT = dwarf;
				ENABLE_STRICT_OBJC_MSGSEND = YES;
				ENABLE_TESTABILITY = YES;
				GCC_C_LANGUAGE_STANDARD = gnu11;
				GCC_DYNAMIC_NO_PIC = NO;
				GCC_NO_COMMON_BLOCKS = YES;
				GCC_OPTIMIZATION_LEVEL = 0;
				GCC_PREPROCESSOR_DEFINITIONS = (
					"DEBUG=1",
					"$(inherited)",
				);
				GCC_WARN_64_TO_32_BIT_CONVERSION = YES;
				GCC_WARN_ABOUT_RETURN_TYPE = YES_ERROR;
				GCC_WARN_UNDECLARED_SELECTOR = YES;
				GCC_WARN_UNINITIALIZED_AUTOS = YES_AGGRESSIVE;
				GCC_WARN_UNUSED_FUNCTION = YES;
				GCC_WARN_UNUSED_VARIABLE = YES;
				IPHONEOS_DEPLOYMENT_TARGET = 13.4;
				MTL_ENABLE_DEBUG_INFO = INCLUDE_SOURCE;
				MTL_FAST_MATH = YES;
				ONLY_ACTIVE_ARCH = YES;
				SDKROOT = iphoneos;
				SWIFT_ACTIVE_COMPILATION_CONDITIONS = DEBUG;
				SWIFT_OPTIMIZATION_LEVEL = "-Onone";
			};
			name = Debug;
		};
		92CFBF79247C37DA00DDC19E /* Release */ = {
			isa = XCBuildConfiguration;
			buildSettings = {
				ALWAYS_SEARCH_USER_PATHS = NO;
				CLANG_ANALYZER_NONNULL = YES;
				CLANG_ANALYZER_NUMBER_OBJECT_CONVERSION = YES_AGGRESSIVE;
				CLANG_CXX_LANGUAGE_STANDARD = "gnu++14";
				CLANG_CXX_LIBRARY = "libc++";
				CLANG_ENABLE_MODULES = YES;
				CLANG_ENABLE_OBJC_ARC = YES;
				CLANG_ENABLE_OBJC_WEAK = YES;
				CLANG_WARN_BLOCK_CAPTURE_AUTORELEASING = YES;
				CLANG_WARN_BOOL_CONVERSION = YES;
				CLANG_WARN_COMMA = YES;
				CLANG_WARN_CONSTANT_CONVERSION = YES;
				CLANG_WARN_DEPRECATED_OBJC_IMPLEMENTATIONS = YES;
				CLANG_WARN_DIRECT_OBJC_ISA_USAGE = YES_ERROR;
				CLANG_WARN_DOCUMENTATION_COMMENTS = YES;
				CLANG_WARN_EMPTY_BODY = YES;
				CLANG_WARN_ENUM_CONVERSION = YES;
				CLANG_WARN_INFINITE_RECURSION = YES;
				CLANG_WARN_INT_CONVERSION = YES;
				CLANG_WARN_NON_LITERAL_NULL_CONVERSION = YES;
				CLANG_WARN_OBJC_IMPLICIT_RETAIN_SELF = YES;
				CLANG_WARN_OBJC_LITERAL_CONVERSION = YES;
				CLANG_WARN_OBJC_ROOT_CLASS = YES_ERROR;
				CLANG_WARN_RANGE_LOOP_ANALYSIS = YES;
				CLANG_WARN_STRICT_PROTOTYPES = YES;
				CLANG_WARN_SUSPICIOUS_MOVE = YES;
				CLANG_WARN_UNGUARDED_AVAILABILITY = YES_AGGRESSIVE;
				CLANG_WARN_UNREACHABLE_CODE = YES;
				CLANG_WARN__DUPLICATE_METHOD_MATCH = YES;
				COPY_PHASE_STRIP = NO;
				DEBUG_INFORMATION_FORMAT = "dwarf-with-dsym";
				ENABLE_NS_ASSERTIONS = NO;
				ENABLE_STRICT_OBJC_MSGSEND = YES;
				GCC_C_LANGUAGE_STANDARD = gnu11;
				GCC_NO_COMMON_BLOCKS = YES;
				GCC_WARN_64_TO_32_BIT_CONVERSION = YES;
				GCC_WARN_ABOUT_RETURN_TYPE = YES_ERROR;
				GCC_WARN_UNDECLARED_SELECTOR = YES;
				GCC_WARN_UNINITIALIZED_AUTOS = YES_AGGRESSIVE;
				GCC_WARN_UNUSED_FUNCTION = YES;
				GCC_WARN_UNUSED_VARIABLE = YES;
				IPHONEOS_DEPLOYMENT_TARGET = 13.4;
				MTL_ENABLE_DEBUG_INFO = NO;
				MTL_FAST_MATH = YES;
				SDKROOT = iphoneos;
				SWIFT_COMPILATION_MODE = wholemodule;
				SWIFT_OPTIMIZATION_LEVEL = "-O";
				VALIDATE_PRODUCT = YES;
			};
			name = Release;
		};
		92CFBF7B247C37DA00DDC19E /* Debug */ = {
			isa = XCBuildConfiguration;
			buildSettings = {
				ASSETCATALOG_COMPILER_APPICON_NAME = AppIcon;
				CODE_SIGN_STYLE = Automatic;
				INFOPLIST_FILE = Module7_additional/Info.plist;
				LD_RUNPATH_SEARCH_PATHS = (
					"$(inherited)",
					"@executable_path/Frameworks",
				);
				PRODUCT_BUNDLE_IDENTIFIER = "default.Module7-additional";
				PRODUCT_NAME = "$(TARGET_NAME)";
				SWIFT_VERSION = 5.0;
				TARGETED_DEVICE_FAMILY = "1,2";
			};
			name = Debug;
		};
		92CFBF7C247C37DA00DDC19E /* Release */ = {
			isa = XCBuildConfiguration;
			buildSettings = {
				ASSETCATALOG_COMPILER_APPICON_NAME = AppIcon;
				CODE_SIGN_STYLE = Automatic;
				INFOPLIST_FILE = Module7_additional/Info.plist;
				LD_RUNPATH_SEARCH_PATHS = (
					"$(inherited)",
					"@executable_path/Frameworks",
				);
				PRODUCT_BUNDLE_IDENTIFIER = "default.Module7-additional";
				PRODUCT_NAME = "$(TARGET_NAME)";
				SWIFT_VERSION = 5.0;
				TARGETED_DEVICE_FAMILY = "1,2";
			};
			name = Release;
		};
/* End XCBuildConfiguration section */

/* Begin XCConfigurationList section */
		92CFBF61247C37D800DDC19E /* Build configuration list for PBXProject "Module7_additional" */ = {
			isa = XCConfigurationList;
			buildConfigurations = (
				92CFBF78247C37DA00DDC19E /* Debug */,
				92CFBF79247C37DA00DDC19E /* Release */,
			);
			defaultConfigurationIsVisible = 0;
			defaultConfigurationName = Release;
		};
		92CFBF7A247C37DA00DDC19E /* Build configuration list for PBXNativeTarget "Module7_additional" */ = {
			isa = XCConfigurationList;
			buildConfigurations = (
				92CFBF7B247C37DA00DDC19E /* Debug */,
				92CFBF7C247C37DA00DDC19E /* Release */,
			);
			defaultConfigurationIsVisible = 0;
			defaultConfigurationName = Release;
		};
/* End XCConfigurationList section */
	};
	rootObject = 92CFBF5E247C37D800DDC19E /* Project object */;
}
